
Microsoft Visual Studio Solution File, Format Version 11.00
# Visual Studio 2010
Project("{FAE04EC0-301F-11D3-BF4B-00C04F79EFBC}") = "Assembly-CSharp", "Assembly-CSharp.csproj", "{7017EE48-FA4E-1D04-0534-BC5AA5420671}"
EndProject
Project("{FAE04EC0-301F-11D3-BF4B-00C04F79EFBC}") = "Assembly-CSharp-Editor", "Assembly-CSharp-Editor.csproj", "{21CFDDCF-04CC-7BC2-4827-FB4D5DF77CB1}"
EndProject
Global
	GlobalSection(SolutionConfigurationPlatforms) = preSolution
		Debug|Any CPU = Debug|Any CPU
		Release|Any CPU = Release|Any CPU
	EndGlobalSection
	GlobalSection(ProjectConfigurationPlatforms) = postSolution
		{7017EE48-FA4E-1D04-0534-BC5AA5420671}.Debug|Any CPU.ActiveCfg = Debug|Any CPU
		{7017EE48-FA4E-1D04-0534-BC5AA5420671}.Debug|Any CPU.Build.0 = Debug|Any CPU
		{7017EE48-FA4E-1D04-0534-BC5AA5420671}.Release|Any CPU.ActiveCfg = Release|Any CPU
		{7017EE48-FA4E-1D04-0534-BC5AA5420671}.Release|Any CPU.Build.0 = Release|Any CPU
		{21CFDDCF-04CC-7BC2-4827-FB4D5DF77CB1}.Debug|Any CPU.ActiveCfg = Debug|Any CPU
		{21CFDDCF-04CC-7BC2-4827-FB4D5DF77CB1}.Debug|Any CPU.Build.0 = Debug|Any CPU
		{21CFDDCF-04CC-7BC2-4827-FB4D5DF77CB1}.Release|Any CPU.ActiveCfg = Release|Any CPU
		{21CFDDCF-04CC-7BC2-4827-FB4D5DF77CB1}.Release|Any CPU.Build.0 = Release|Any CPU
	EndGlobalSection
	GlobalSection(SolutionProperties) = preSolution
		HideSolutionNode = FALSE
	EndGlobalSection
EndGlobal
